{
  "name": "roofing-project-2",
  "lockfileVersion": 3,
  "requires": true,
  "packages": {
    "": {
      "dependencies": {
        "react-dashboard": "file:.."
      }
    },
    "..": {
      "name": "react-dashboard",
      "version": "0.1.0",
      "dependencies": {
        "@heroicons/react": "^2.2.0",
        "@prisma/client": "^6.16.1",
        "@react-three/drei": "^9.108.3",
        "@react-three/fiber": "^8.16.8",
        "@supabase/supabase-js": "^2.56.0",
        "@tanstack/react-query": "^5.51.15",
        "@tanstack/react-query-devtools": "^5.51.15",
        "@vapi-ai/web": "^2.3.9",
        "ajv": "^8.17.1",
        "axios": "^1.7.2",
        "chart.js": "^4.4.3",
        "date-fns": "^3.6.0",
        "framer-motion": "^11.3.19",
        "fuse.js": "^7.1.0",
        "mammoth": "^1.11.0",
        "node-fetch": "^3.3.2",
        "openai": "^4.56.0",
        "papaparse": "^5.4.1",
        "pdf-parse": "^1.1.1",
        "pdfjs-dist": "^5.4.149",
        "prop-types": "^15.8.1",
        "react": "^18.3.1",
        "react-beautiful-dnd": "^13.1.1",
        "react-chartjs-2": "^5.2.0",
        "react-dnd": "^16.0.1",
        "react-dnd-html5-backend": "^16.0.1",
        "react-dom": "^18.3.1",
        "react-hot-toast": "^2.4.2",
        "react-icons": "^5.5.0",
        "react-query": "^3.39.3",
        "react-router-dom": "^6.25.1",
        "react-scripts": "5.0.1",
        "resend": "^6.1.1",
        "socket.io-client": "^4.7.5",
        "tesseract.js": "^6.0.1",
        "three": "^0.167.0",
        "web-vitals": "^4.2.2"
      },
      "devDependencies": {
        "@testing-library/dom": "10.4.1",
        "@testing-library/jest-dom": "6.8.0",
        "@testing-library/react": "16.3.0",
        "@testing-library/user-event": "14.6.1",
        "autoprefixer": "^10.4.19",
        "cross-env": "^10.0.0",
        "jest-environment-jsdom": "30.2.0",
        "postcss": "^8.4.40",
        "prisma": "^6.16.1",
        "tailwindcss": "^3.4.7",
        "typescript": "^5.1.0",
        "xlsx": "^0.18.5"
      }
    },
    "node_modules/react-dashboard": {
      "resolved": "..",
      "link": true
    }
  }
}
